
Microsoft Visual Studio Solution File, Format Version 12.00
# Visual Studio 14
VisualStudioVersion = 14.0.24720.0
MinimumVisualStudioVersion = 10.0.40219.1
Project("{FAE04EC0-301F-11D3-BF4B-00C04F79EFBC}") = "TeamManager", "TeamManager\TeamManager.csproj", "{EFA5EB8E-8383-48C0-9C1C-BD4376E7F504}"
EndProject
Project("{FAE04EC0-301F-11D3-BF4B-00C04F79EFBC}") = "TeamManager.Tests", "TeamManager.Tests\TeamManager.Tests.csproj", "{BB3098C7-0195-4D4F-801B-27CE7E1CBA7D}"
EndProject
Global
	GlobalSection(SolutionConfigurationPlatforms) = preSolution
		Debug|Any CPU = Debug|Any CPU
		Release|Any CPU = Release|Any CPU
	EndGlobalSection
	GlobalSection(ProjectConfigurationPlatforms) = postSolution
		{EFA5EB8E-8383-48C0-9C1C-BD4376E7F504}.Debug|Any CPU.ActiveCfg = Debug|Any CPU
		{EFA5EB8E-8383-48C0-9C1C-BD4376E7F504}.Debug|Any CPU.Build.0 = Debug|Any CPU
		{EFA5EB8E-8383-48C0-9C1C-BD4376E7F504}.Release|Any CPU.ActiveCfg = Release|Any CPU
		{EFA5EB8E-8383-48C0-9C1C-BD4376E7F504}.Release|Any CPU.Build.0 = Release|Any CPU
		{BB3098C7-0195-4D4F-801B-27CE7E1CBA7D}.Debug|Any CPU.ActiveCfg = Debug|Any CPU
		{BB3098C7-0195-4D4F-801B-27CE7E1CBA7D}.Debug|Any CPU.Build.0 = Debug|Any CPU
		{BB3098C7-0195-4D4F-801B-27CE7E1CBA7D}.Release|Any CPU.ActiveCfg = Release|Any CPU
		{BB3098C7-0195-4D4F-801B-27CE7E1CBA7D}.Release|Any CPU.Build.0 = Release|Any CPU
	EndGlobalSection
	GlobalSection(SolutionProperties) = preSolution
		HideSolutionNode = FALSE
	EndGlobalSection
EndGlobal
